{
  "pins" : [
    {
      "identity" : "miocore",
      "kind" : "remoteSourceControl",
      "location" : "https://github.com/miolabs/MIOCore.git",
      "state" : {
        "branch" : "master",
        "revision" : "32a06251251230867d792dc4bd2c76a2a2bc3a25"
      }
    },
    {
      "identity" : "pdflib-swift",
      "kind" : "remoteSourceControl",
      "location" : "https://github.com/miolabs/PDFLib-Swift.git",
      "state" : {
        "branch" : "main",
        "revision" : "d88288af400bc4d883c4120f0f5ddf34b75283cf"
      }
    },
    {
      "identity" : "swift-log",
      "kind" : "remoteSourceControl",
      "location" : "https://github.com/apple/swift-log.git",
      "state" : {
        "revision" : "a878e7f8f46cfc0e1125e565b5c08e7d5272dc9a",
        "version" : "1.14.0"
      }
    }
  ],
  "version" : 2
}
